
Microsoft Visual Studio Solution File, Format Version 12.00
# Visual Studio Version 16
VisualStudioVersion = 16.0.31410.357
MinimumVisualStudioVersion = 10.0.40219.1
Project("{FAE04EC0-301F-11D3-BF4B-00C04F79EFBC}") = "AppCenterSandbox.UWP", "AppCenterSandbox.UWP\AppCenterSandbox.UWP.csproj", "{9DE89C5E-F4FD-4A13-8486-166AB9A1649E}"
EndProject
Project("{FAE04EC0-301F-11D3-BF4B-00C04F79EFBC}") = "AppCenterSandbox.Android", "AppCenterSandbox.Android\AppCenterSandbox.Android.csproj", "{18E5DE82-BF12-43BA-B9F3-0CF9ED81F8C7}"
EndProject
Project("{FAE04EC0-301F-11D3-BF4B-00C04F79EFBC}") = "AppCenterSandbox.iOS", "AppCenterSandbox.iOS\AppCenterSandbox.iOS.csproj", "{C6DCF6C6-2F31-4680-865E-753287CEC823}"
EndProject
Project("{FAE04EC0-301F-11D3-BF4B-00C04F79EFBC}") = "AppCenterSandbox", "AppCenterSandbox\AppCenterSandbox.csproj", "{4FC5FAAB-B87D-4378-9A97-E6BCA310AF29}"
EndProject
Global
	GlobalSection(SolutionConfigurationPlatforms) = preSolution
		Debug|Any CPU = Debug|Any CPU
		Debug|ARM = Debug|ARM
		Debug|iPhone = Debug|iPhone
		Debug|iPhoneSimulator = Debug|iPhoneSimulator
		Debug|x64 = Debug|x64
		Debug|x86 = Debug|x86
		Release|Any CPU = Release|Any CPU
		Release|ARM = Release|ARM
		Release|iPhone = Release|iPhone
		Release|iPhoneSimulator = Release|iPhoneSimulator
		Release|x64 = Release|x64
		Release|x86 = Release|x86
	EndGlobalSection
	GlobalSection(ProjectConfigurationPlatforms) = postSolution
		{9DE89C5E-F4FD-4A13-8486-166AB9A1649E}.Debug|Any CPU.ActiveCfg = Debug|x86
		{9DE89C5E-F4FD-4A13-8486-166AB9A1649E}.Debug|Any CPU.Build.0 = Debug|x86
		{9DE89C5E-F4FD-4A13-8486-166AB9A1649E}.Debug|Any CPU.Deploy.0 = Debug|x86
		{9DE89C5E-F4FD-4A13-8486-166AB9A1649E}.Debug|ARM.ActiveCfg = Debug|ARM
		{9DE89C5E-F4FD-4A13-8486-166AB9A1649E}.Debug|ARM.Build.0 = Debug|ARM
		{9DE89C5E-F4FD-4A13-8486-166AB9A1649E}.Debug|ARM.Deploy.0 = Debug|ARM
		{9DE89C5E-F4FD-4A13-8486-166AB9A1649E}.Debug|iPhone.ActiveCfg = Debug|x86
		{9DE89C5E-F4FD-4A13-8486-166AB9A1649E}.Debug|iPhone.Build.0 = Debug|x86
		{9DE89C5E-F4FD-4A13-8486-166AB9A1649E}.Debug|iPhone.Deploy.0 = Debug|x86
		{9DE89C5E-F4FD-4A13-8486-166AB9A1649E}.Debug|iPhoneSimulator.ActiveCfg = Debug|x86
		{9DE89C5E-F4FD-4A13-8486-166AB9A1649E}.Debug|iPhoneSimulator.Build.0 = Debug|x86
		{9DE89C5E-F4FD-4A13-8486-166AB9A1649E}.Debug|iPhoneSimulator.Deploy.0 = Debug|x86
		{9DE89C5E-F4FD-4A13-8486-166AB9A1649E}.Debug|x64.ActiveCfg = Debug|x64
		{9DE89C5E-F4FD-4A13-8486-166AB9A1649E}.Debug|x64.Build.0 = Debug|x64
		{9DE89C5E-F4FD-4A13-8486-166AB9A1649E}.Debug|x64.Deploy.0 = Debug|x64
		{9DE89C5E-F4FD-4A13-8486-166AB9A1649E}.Debug|x86.ActiveCfg = Debug|x86
		{9DE89C5E-F4FD-4A13-8486-166AB9A1649E}.Debug|x86.Build.0 = Debug|x86
		{9DE89C5E-F4FD-4A13-8486-166AB9A1649E}.Debug|x86.Deploy.0 = Debug|x86
		{9DE89C5E-F4FD-4A13-8486-166AB9A1649E}.Release|Any CPU.ActiveCfg = Release|x86
		{9DE89C5E-F4FD-4A13-8486-166AB9A1649E}.Release|Any CPU.Build.0 = Release|x86
		{9DE89C5E-F4FD-4A13-8486-166AB9A1649E}.Release|Any CPU.Deploy.0 = Release|x86
		{9DE89C5E-F4FD-4A13-8486-166AB9A1649E}.Release|ARM.ActiveCfg = Release|ARM
		{9DE89C5E-F4FD-4A13-8486-166AB9A1649E}.Release|ARM.Build.0 = Release|ARM
		{9DE89C5E-F4FD-4A13-8486-166AB9A1649E}.Release|ARM.Deploy.0 = Release|ARM
		{9DE89C5E-F4FD-4A13-8486-166AB9A1649E}.Release|iPhone.ActiveCfg = Release|x86
		{9DE89C5E-F4FD-4A13-8486-166AB9A1649E}.Release|iPhone.Build.0 = Release|x86
		{9DE89C5E-F4FD-4A13-8486-166AB9A1649E}.Release|iPhone.Deploy.0 = Release|x86
		{9DE89C5E-F4FD-4A13-8486-166AB9A1649E}.Release|iPhoneSimulator.ActiveCfg = Release|x86
		{9DE89C5E-F4FD-4A13-8486-166AB9A1649E}.Release|iPhoneSimulator.Build.0 = Release|x86
		{9DE89C5E-F4FD-4A13-8486-166AB9A1649E}.Release|iPhoneSimulator.Deploy.0 = Release|x86
		{9DE89C5E-F4FD-4A13-8486-166AB9A1649E}.Release|x64.ActiveCfg = Release|x64
		{9DE89C5E-F4FD-4A13-8486-166AB9A1649E}.Release|x64.Build.0 = Release|x64
		{9DE89C5E-F4FD-4A13-8486-166AB9A1649E}.Release|x64.Deploy.0 = Release|x64
		{9DE89C5E-F4FD-4A13-8486-166AB9A1649E}.Release|x86.ActiveCfg = Release|x86
		{9DE89C5E-F4FD-4A13-8486-166AB9A1649E}.Release|x86.Build.0 = Release|x86
		{9DE89C5E-F4FD-4A13-8486-166AB9A1649E}.Release|x86.Deploy.0 = Release|x86
		{18E5DE82-BF12-43BA-B9F3-0CF9ED81F8C7}.Debug|Any CPU.ActiveCfg = Debug|Any CPU
		{18E5DE82-BF12-43BA-B9F3-0CF9ED81F8C7}.Debug|Any CPU.Build.0 = Debug|Any CPU
		{18E5DE82-BF12-43BA-B9F3-0CF9ED81F8C7}.Debug|Any CPU.Deploy.0 = Debug|Any CPU
		{18E5DE82-BF12-43BA-B9F3-0CF9ED81F8C7}.Debug|ARM.ActiveCfg = Debug|Any CPU
		{18E5DE82-BF12-43BA-B9F3-0CF9ED81F8C7}.Debug|ARM.Build.0 = Debug|Any CPU
		{18E5DE82-BF12-43BA-B9F3-0CF9ED81F8C7}.Debug|ARM.Deploy.0 = Debug|Any CPU
		{18E5DE82-BF12-43BA-B9F3-0CF9ED81F8C7}.Debug|iPhone.ActiveCfg = Debug|Any CPU
		{18E5DE82-BF12-43BA-B9F3-0CF9ED81F8C7}.Debug|iPhone.Build.0 = Debug|Any CPU
		{18E5DE82-BF12-43BA-B9F3-0CF9ED81F8C7}.Debug|iPhone.Deploy.0 = Debug|Any CPU
		{18E5DE82-BF12-43BA-B9F3-0CF9ED81F8C7}.Debug|iPhoneSimulator.ActiveCfg = Debug|Any CPU
		{18E5DE82-BF12-43BA-B9F3-0CF9ED81F8C7}.Debug|iPhoneSimulator.Build.0 = Debug|Any CPU
		{18E5DE82-BF12-43BA-B9F3-0CF9ED81F8C7}.Debug|iPhoneSimulator.Deploy.0 = Debug|Any CPU
		{18E5DE82-BF12-43BA-B9F3-0CF9ED81F8C7}.Debug|x64.ActiveCfg = Debug|Any CPU
		{18E5DE82-BF12-43BA-B9F3-0CF9ED81F8C7}.Debug|x64.Build.0 = Debug|Any CPU
		{18E5DE82-BF12-43BA-B9F3-0CF9ED81F8C7}.Debug|x64.Deploy.0 = Debug|Any CPU
		{18E5DE82-BF12-43BA-B9F3-0CF9ED81F8C7}.Debug|x86.ActiveCfg = Debug|Any CPU
		{18E5DE82-BF12-43BA-B9F3-0CF9ED81F8C7}.Debug|x86.Build.0 = Debug|Any CPU
		{18E5DE82-BF12-43BA-B9F3-0CF9ED81F8C7}.Debug|x86.Deploy.0 = Debug|Any CPU
		{18E5DE82-BF12-43BA-B9F3-0CF9ED81F8C7}.Release|Any CPU.ActiveCfg = Release|Any CPU
		{18E5DE82-BF12-43BA-B9F3-0CF9ED81F8C7}.Release|Any CPU.Build.0 = Release|Any CPU
		{18E5DE82-BF12-43BA-B9F3-0CF9ED81F8C7}.Release|Any CPU.Deploy.0 = Release|Any CPU
		{18E5DE82-BF12-43BA-B9F3-0CF9ED81F8C7}.Release|ARM.ActiveCfg = Release|Any CPU
		{18E5DE82-BF12-43BA-B9F3-0CF9ED81F8C7}.Release|ARM.Build.0 = Release|Any CPU
		{18E5DE82-BF12-43BA-B9F3-0CF9ED81F8C7}.Release|ARM.Deploy.0 = Release|Any CPU
		{18E5DE82-BF12-43BA-B9F3-0CF9ED81F8C7}.Release|iPhone.ActiveCfg = Release|Any CPU
		{18E5DE82-BF12-43BA-B9F3-0CF9ED81F8C7}.Release|iPhone.Build.0 = Release|Any CPU
		{18E5DE82-BF12-43BA-B9F3-0CF9ED81F8C7}.Release|iPhone.Deploy.0 = Release|Any CPU
		{18E5DE82-BF12-43BA-B9F3-0CF9ED81F8C7}.Release|iPhoneSimulator.ActiveCfg = Release|Any CPU
		{18E5DE82-BF12-43BA-B9F3-0CF9ED81F8C7}.Release|iPhoneSimulator.Build.0 = Release|Any CPU
		{18E5DE82-BF12-43BA-B9F3-0CF9ED81F8C7}.Release|iPhoneSimulator.Deploy.0 = Release|Any CPU
		{18E5DE82-BF12-43BA-B9F3-0CF9ED81F8C7}.Release|x64.ActiveCfg = Release|Any CPU
		{18E5DE82-BF12-43BA-B9F3-0CF9ED81F8C7}.Release|x64.Build.0 = Release|Any CPU
		{18E5DE82-BF12-43BA-B9F3-0CF9ED81F8C7}.Release|x64.Deploy.0 = Release|Any CPU
		{18E5DE82-BF12-43BA-B9F3-0CF9ED81F8C7}.Release|x86.ActiveCfg = Release|Any CPU
		{18E5DE82-BF12-43BA-B9F3-0CF9ED81F8C7}.Release|x86.Build.0 = Release|Any CPU
		{18E5DE82-BF12-43BA-B9F3-0CF9ED81F8C7}.Release|x86.Deploy.0 = Release|Any CPU
		{C6DCF6C6-2F31-4680-865E-753287CEC823}.Debug|Any CPU.ActiveCfg = Debug|iPhoneSimulator
		{C6DCF6C6-2F31-4680-865E-753287CEC823}.Debug|Any CPU.Build.0 = Debug|iPhoneSimulator
		{C6DCF6C6-2F31-4680-865E-753287CEC823}.Debug|Any CPU.Deploy.0 = Debug|iPhoneSimulator
		{C6DCF6C6-2F31-4680-865E-753287CEC823}.Debug|ARM.ActiveCfg = Debug|iPhone
		{C6DCF6C6-2F31-4680-865E-753287CEC823}.Debug|ARM.Build.0 = Debug|iPhone
		{C6DCF6C6-2F31-4680-865E-753287CEC823}.Debug|ARM.Deploy.0 = Debug|iPhone
		{C6DCF6C6-2F31-4680-865E-753287CEC823}.Debug|iPhone.ActiveCfg = Debug|iPhone
		{C6DCF6C6-2F31-4680-865E-753287CEC823}.Debug|iPhone.Build.0 = Debug|iPhone
		{C6DCF6C6-2F31-4680-865E-753287CEC823}.Debug|iPhone.Deploy.0 = Debug|iPhone
		{C6DCF6C6-2F31-4680-865E-753287CEC823}.Debug|iPhoneSimulator.ActiveCfg = Debug|iPhoneSimulator
		{C6DCF6C6-2F31-4680-865E-753287CEC823}.Debug|iPhoneSimulator.Build.0 = Debug|iPhoneSimulator
		{C6DCF6C6-2F31-4680-865E-753287CEC823}.Debug|iPhoneSimulator.Deploy.0 = Debug|iPhoneSimulator
		{C6DCF6C6-2F31-4680-865E-753287CEC823}.Debug|x64.ActiveCfg = Debug|iPhoneSimulator
		{C6DCF6C6-2F31-4680-865E-753287CEC823}.Debug|x64.Build.0 = Debug|iPhoneSimulator
		{C6DCF6C6-2F31-4680-865E-753287CEC823}.Debug|x64.Deploy.0 = Debug|iPhoneSimulator
		{C6DCF6C6-2F31-4680-865E-753287CEC823}.Debug|x86.ActiveCfg = Debug|iPhoneSimulator
		{C6DCF6C6-2F31-4680-865E-753287CEC823}.Debug|x86.Build.0 = Debug|iPhoneSimulator
		{C6DCF6C6-2F31-4680-865E-753287CEC823}.Debug|x86.Deploy.0 = Debug|iPhoneSimulator
		{C6DCF6C6-2F31-4680-865E-753287CEC823}.Release|Any CPU.ActiveCfg = Release|iPhoneSimulator
		{C6DCF6C6-2F31-4680-865E-753287CEC823}.Release|Any CPU.Build.0 = Release|iPhoneSimulator
		{C6DCF6C6-2F31-4680-865E-753287CEC823}.Release|Any CPU.Deploy.0 = Release|iPhoneSimulator
		{C6DCF6C6-2F31-4680-865E-753287CEC823}.Release|ARM.ActiveCfg = Release|iPhoneSimulator
		{C6DCF6C6-2F31-4680-865E-753287CEC823}.Release|ARM.Build.0 = Release|iPhoneSimulator
		{C6DCF6C6-2F31-4680-865E-753287CEC823}.Release|ARM.Deploy.0 = Release|iPhoneSimulator
		{C6DCF6C6-2F31-4680-865E-753287CEC823}.Release|iPhone.ActiveCfg = Release|iPhone
		{C6DCF6C6-2F31-4680-865E-753287CEC823}.Release|iPhone.Build.0 = Release|iPhone
		{C6DCF6C6-2F31-4680-865E-753287CEC823}.Release|iPhone.Deploy.0 = Release|iPhone
		{C6DCF6C6-2F31-4680-865E-753287CEC823}.Release|iPhoneSimulator.ActiveCfg = Release|iPhoneSimulator
		{C6DCF6C6-2F31-4680-865E-753287CEC823}.Release|iPhoneSimulator.Build.0 = Release|iPhoneSimulator
		{C6DCF6C6-2F31-4680-865E-753287CEC823}.Release|iPhoneSimulator.Deploy.0 = Release|iPhoneSimulator
		{C6DCF6C6-2F31-4680-865E-753287CEC823}.Release|x64.ActiveCfg = Release|iPhoneSimulator
		{C6DCF6C6-2F31-4680-865E-753287CEC823}.Release|x64.Build.0 = Release|iPhoneSimulator
		{C6DCF6C6-2F31-4680-865E-753287CEC823}.Release|x64.Deploy.0 = Release|iPhoneSimulator
		{C6DCF6C6-2F31-4680-865E-753287CEC823}.Release|x86.ActiveCfg = Release|iPhoneSimulator
		{C6DCF6C6-2F31-4680-865E-753287CEC823}.Release|x86.Build.0 = Release|iPhoneSimulator
		{C6DCF6C6-2F31-4680-865E-753287CEC823}.Release|x86.Deploy.0 = Release|iPhoneSimulator
		{4FC5FAAB-B87D-4378-9A97-E6BCA310AF29}.Debug|Any CPU.ActiveCfg = Debug|Any CPU
		{4FC5FAAB-B87D-4378-9A97-E6BCA310AF29}.Debug|Any CPU.Build.0 = Debug|Any CPU
		{4FC5FAAB-B87D-4378-9A97-E6BCA310AF29}.Debug|Any CPU.Deploy.0 = Debug|Any CPU
		{4FC5FAAB-B87D-4378-9A97-E6BCA310AF29}.Debug|ARM.ActiveCfg = Debug|Any CPU
		{4FC5FAAB-B87D-4378-9A97-E6BCA310AF29}.Debug|ARM.Build.0 = Debug|Any CPU
		{4FC5FAAB-B87D-4378-9A97-E6BCA310AF29}.Debug|ARM.Deploy.0 = Debug|Any CPU
		{4FC5FAAB-B87D-4378-9A97-E6BCA310AF29}.Debug|iPhone.ActiveCfg = Debug|Any CPU
		{4FC5FAAB-B87D-4378-9A97-E6BCA310AF29}.Debug|iPhone.Build.0 = Debug|Any CPU
		{4FC5FAAB-B87D-4378-9A97-E6BCA310AF29}.Debug|iPhone.Deploy.0 = Debug|Any CPU
		{4FC5FAAB-B87D-4378-9A97-E6BCA310AF29}.Debug|iPhoneSimulator.ActiveCfg = Debug|Any CPU
		{4FC5FAAB-B87D-4378-9A97-E6BCA310AF29}.Debug|iPhoneSimulator.Build.0 = Debug|Any CPU
		{4FC5FAAB-B87D-4378-9A97-E6BCA310AF29}.Debug|iPhoneSimulator.Deploy.0 = Debug|Any CPU
		{4FC5FAAB-B87D-4378-9A97-E6BCA310AF29}.Debug|x64.ActiveCfg = Debug|Any CPU
		{4FC5FAAB-B87D-4378-9A97-E6BCA310AF29}.Debug|x64.Build.0 = Debug|Any CPU
		{4FC5FAAB-B87D-4378-9A97-E6BCA310AF29}.Debug|x64.Deploy.0 = Debug|Any CPU
		{4FC5FAAB-B87D-4378-9A97-E6BCA310AF29}.Debug|x86.ActiveCfg = Debug|Any CPU
		{4FC5FAAB-B87D-4378-9A97-E6BCA310AF29}.Debug|x86.Build.0 = Debug|Any CPU
		{4FC5FAAB-B87D-4378-9A97-E6BCA310AF29}.Debug|x86.Deploy.0 = Debug|Any CPU
		{4FC5FAAB-B87D-4378-9A97-E6BCA310AF29}.Release|Any CPU.ActiveCfg = Release|Any CPU
		{4FC5FAAB-B87D-4378-9A97-E6BCA310AF29}.Release|Any CPU.Build.0 = Release|Any CPU
		{4FC5FAAB-B87D-4378-9A97-E6BCA310AF29}.Release|Any CPU.Deploy.0 = Release|Any CPU
		{4FC5FAAB-B87D-4378-9A97-E6BCA310AF29}.Release|ARM.ActiveCfg = Release|Any CPU
		{4FC5FAAB-B87D-4378-9A97-E6BCA310AF29}.Release|ARM.Build.0 = Release|Any CPU
		{4FC5FAAB-B87D-4378-9A97-E6BCA310AF29}.Release|ARM.Deploy.0 = Release|Any CPU
		{4FC5FAAB-B87D-4378-9A97-E6BCA310AF29}.Release|iPhone.ActiveCfg = Release|Any CPU
		{4FC5FAAB-B87D-4378-9A97-E6BCA310AF29}.Release|iPhone.Build.0 = Release|Any CPU
		{4FC5FAAB-B87D-4378-9A97-E6BCA310AF29}.Release|iPhone.Deploy.0 = Release|Any CPU
		{4FC5FAAB-B87D-4378-9A97-E6BCA310AF29}.Release|iPhoneSimulator.ActiveCfg = Release|Any CPU
		{4FC5FAAB-B87D-4378-9A97-E6BCA310AF29}.Release|iPhoneSimulator.Build.0 = Release|Any CPU
		{4FC5FAAB-B87D-4378-9A97-E6BCA310AF29}.Release|iPhoneSimulator.Deploy.0 = Release|Any CPU
		{4FC5FAAB-B87D-4378-9A97-E6BCA310AF29}.Release|x64.ActiveCfg = Release|Any CPU
		{4FC5FAAB-B87D-4378-9A97-E6BCA310AF29}.Release|x64.Build.0 = Release|Any CPU
		{4FC5FAAB-B87D-4378-9A97-E6BCA310AF29}.Release|x64.Deploy.0 = Release|Any CPU
		{4FC5FAAB-B87D-4378-9A97-E6BCA310AF29}.Release|x86.ActiveCfg = Release|Any CPU
		{4FC5FAAB-B87D-4378-9A97-E6BCA310AF29}.Release|x86.Build.0 = Release|Any CPU
		{4FC5FAAB-B87D-4378-9A97-E6BCA310AF29}.Release|x86.Deploy.0 = Release|Any CPU
	EndGlobalSection
	GlobalSection(SolutionProperties) = preSolution
		HideSolutionNode = FALSE
	EndGlobalSection
	GlobalSection(ExtensibilityGlobals) = postSolution
		SolutionGuid = {EF6CA3DB-2694-4DCF-8804-CE3424F83838}
	EndGlobalSection
EndGlobal
